
Microsoft Visual Studio Solution File, Format Version 12.00
# Visual Studio Version 17
VisualStudioVersion = 17.12.35707.178
MinimumVisualStudioVersion = 10.0.40219.1
Project("{FAE04EC0-301F-11D3-BF4B-00C04F79EFBC}") = "ReactWebAPI", "ReactWebAPI\ReactWebAPI.csproj", "{8F88BF60-DBAA-4340-B3BC-0D8C14CC001F}"
EndProject
Project("{2150E333-8FDC-42A3-9474-1A3956D46DE8}") = "Solution Items", "Solution Items", "{3FDF4E8D-3FFC-4FFA-AC60-26D627A22A1D}"
	ProjectSection(SolutionItems) = preProject
		docker-compose.yml = docker-compose.yml
	EndProjectSection
EndProject
Project("{FAE04EC0-301F-11D3-BF4B-00C04F79EFBC}") = "Shared", "Shared\Shared.csproj", "{5C76C367-5039-46E8-8622-59EF3BB8BEEA}"
EndProject
Project("{FAE04EC0-301F-11D3-BF4B-00C04F79EFBC}") = "NotificationAPI", "NotificationAPI\NotificationAPI.csproj", "{C4E3A1CD-9EB0-4DCD-A360-7962AB0E2722}"
EndProject
Project("{FAE04EC0-301F-11D3-BF4B-00C04F79EFBC}") = "React.Application", "React.Application\React.Application.csproj", "{90955F82-6BC2-6E67-557F-7DC9F92A8C18}"
EndProject
Project("{FAE04EC0-301F-11D3-BF4B-00C04F79EFBC}") = "React.Infrastructure", "React.Infrastructure\React.Infrastructure.csproj", "{8B4A7901-3DC1-C0C5-EE06-42B4332CA562}"
EndProject
Project("{FAE04EC0-301F-11D3-BF4B-00C04F79EFBC}") = "React.Domain", "React.Domain\React.Domain.csproj", "{85A1D51D-DFF6-DD98-767A-EA39DFE3577D}"
EndProject
Project("{2150E333-8FDC-42A3-9474-1A3956D46DE8}") = "ReactWebAPI", "ReactWebAPI", "{02EA681E-C7D8-13C7-8484-4AC65E1B71E8}"
EndProject
Project("{2150E333-8FDC-42A3-9474-1A3956D46DE8}") = "ReactProjectService", "ReactProjectService", "{5D6EDE33-21EC-4BFA-9374-4C5936353E44}"
EndProject
Project("{FAE04EC0-301F-11D3-BF4B-00C04F79EFBC}") = "React.ProjectService.gRPC", "React.ProjectService.gRPC\React.ProjectService.gRPC.csproj", "{A8831ABA-3B14-422D-9B23-2374F0BFB5B5}"
EndProject
Project("{FAE04EC0-301F-11D3-BF4B-00C04F79EFBC}") = "React.ProjectService.Domain", "React.ProjectService.Domain\React.ProjectService.Domain.csproj", "{332D792C-818E-4D03-8A06-54A5CE8161A0}"
EndProject
Project("{FAE04EC0-301F-11D3-BF4B-00C04F79EFBC}") = "React.ProjectService.Application", "React.ProjectService.Application\React.ProjectService.Application.csproj", "{FC67E339-F87A-41FE-A5AB-D973FDDFF576}"
EndProject
Project("{FAE04EC0-301F-11D3-BF4B-00C04F79EFBC}") = "React.ProjectService.Infrastructure", "React.ProjectService.Infrastructure\React.ProjectService.Infrastructure.csproj", "{A444C253-1822-4C34-AE38-58E86130EA6E}"
EndProject
Global
	GlobalSection(SolutionConfigurationPlatforms) = preSolution
		Debug|Any CPU = Debug|Any CPU
		Release|Any CPU = Release|Any CPU
	EndGlobalSection
	GlobalSection(ProjectConfigurationPlatforms) = postSolution
		{8F88BF60-DBAA-4340-B3BC-0D8C14CC001F}.Debug|Any CPU.ActiveCfg = Debug|Any CPU
		{8F88BF60-DBAA-4340-B3BC-0D8C14CC001F}.Debug|Any CPU.Build.0 = Debug|Any CPU
		{8F88BF60-DBAA-4340-B3BC-0D8C14CC001F}.Release|Any CPU.ActiveCfg = Release|Any CPU
		{8F88BF60-DBAA-4340-B3BC-0D8C14CC001F}.Release|Any CPU.Build.0 = Release|Any CPU
		{5C76C367-5039-46E8-8622-59EF3BB8BEEA}.Debug|Any CPU.ActiveCfg = Debug|Any CPU
		{5C76C367-5039-46E8-8622-59EF3BB8BEEA}.Debug|Any CPU.Build.0 = Debug|Any CPU
		{5C76C367-5039-46E8-8622-59EF3BB8BEEA}.Release|Any CPU.ActiveCfg = Release|Any CPU
		{5C76C367-5039-46E8-8622-59EF3BB8BEEA}.Release|Any CPU.Build.0 = Release|Any CPU
		{C4E3A1CD-9EB0-4DCD-A360-7962AB0E2722}.Debug|Any CPU.ActiveCfg = Debug|Any CPU
		{C4E3A1CD-9EB0-4DCD-A360-7962AB0E2722}.Debug|Any CPU.Build.0 = Debug|Any CPU
		{C4E3A1CD-9EB0-4DCD-A360-7962AB0E2722}.Release|Any CPU.ActiveCfg = Release|Any CPU
		{C4E3A1CD-9EB0-4DCD-A360-7962AB0E2722}.Release|Any CPU.Build.0 = Release|Any CPU
		{90955F82-6BC2-6E67-557F-7DC9F92A8C18}.Debug|Any CPU.ActiveCfg = Debug|Any CPU
		{90955F82-6BC2-6E67-557F-7DC9F92A8C18}.Debug|Any CPU.Build.0 = Debug|Any CPU
		{90955F82-6BC2-6E67-557F-7DC9F92A8C18}.Release|Any CPU.ActiveCfg = Release|Any CPU
		{90955F82-6BC2-6E67-557F-7DC9F92A8C18}.Release|Any CPU.Build.0 = Release|Any CPU
		{8B4A7901-3DC1-C0C5-EE06-42B4332CA562}.Debug|Any CPU.ActiveCfg = Debug|Any CPU
		{8B4A7901-3DC1-C0C5-EE06-42B4332CA562}.Debug|Any CPU.Build.0 = Debug|Any CPU
		{8B4A7901-3DC1-C0C5-EE06-42B4332CA562}.Release|Any CPU.ActiveCfg = Release|Any CPU
		{8B4A7901-3DC1-C0C5-EE06-42B4332CA562}.Release|Any CPU.Build.0 = Release|Any CPU
		{85A1D51D-DFF6-DD98-767A-EA39DFE3577D}.Debug|Any CPU.ActiveCfg = Debug|Any CPU
		{85A1D51D-DFF6-DD98-767A-EA39DFE3577D}.Debug|Any CPU.Build.0 = Debug|Any CPU
		{85A1D51D-DFF6-DD98-767A-EA39DFE3577D}.Release|Any CPU.ActiveCfg = Release|Any CPU
		{85A1D51D-DFF6-DD98-767A-EA39DFE3577D}.Release|Any CPU.Build.0 = Release|Any CPU
		{A8831ABA-3B14-422D-9B23-2374F0BFB5B5}.Debug|Any CPU.ActiveCfg = Debug|Any CPU
		{A8831ABA-3B14-422D-9B23-2374F0BFB5B5}.Debug|Any CPU.Build.0 = Debug|Any CPU
		{A8831ABA-3B14-422D-9B23-2374F0BFB5B5}.Release|Any CPU.ActiveCfg = Release|Any CPU
		{A8831ABA-3B14-422D-9B23-2374F0BFB5B5}.Release|Any CPU.Build.0 = Release|Any CPU
		{332D792C-818E-4D03-8A06-54A5CE8161A0}.Debug|Any CPU.ActiveCfg = Debug|Any CPU
		{332D792C-818E-4D03-8A06-54A5CE8161A0}.Debug|Any CPU.Build.0 = Debug|Any CPU
		{332D792C-818E-4D03-8A06-54A5CE8161A0}.Release|Any CPU.ActiveCfg = Release|Any CPU
		{332D792C-818E-4D03-8A06-54A5CE8161A0}.Release|Any CPU.Build.0 = Release|Any CPU
		{FC67E339-F87A-41FE-A5AB-D973FDDFF576}.Debug|Any CPU.ActiveCfg = Debug|Any CPU
		{FC67E339-F87A-41FE-A5AB-D973FDDFF576}.Debug|Any CPU.Build.0 = Debug|Any CPU
		{FC67E339-F87A-41FE-A5AB-D973FDDFF576}.Release|Any CPU.ActiveCfg = Release|Any CPU
		{FC67E339-F87A-41FE-A5AB-D973FDDFF576}.Release|Any CPU.Build.0 = Release|Any CPU
		{A444C253-1822-4C34-AE38-58E86130EA6E}.Debug|Any CPU.ActiveCfg = Debug|Any CPU
		{A444C253-1822-4C34-AE38-58E86130EA6E}.Debug|Any CPU.Build.0 = Debug|Any CPU
		{A444C253-1822-4C34-AE38-58E86130EA6E}.Release|Any CPU.ActiveCfg = Release|Any CPU
		{A444C253-1822-4C34-AE38-58E86130EA6E}.Release|Any CPU.Build.0 = Release|Any CPU
	EndGlobalSection
	GlobalSection(SolutionProperties) = preSolution
		HideSolutionNode = FALSE
	EndGlobalSection
	GlobalSection(NestedProjects) = preSolution
		{8F88BF60-DBAA-4340-B3BC-0D8C14CC001F} = {02EA681E-C7D8-13C7-8484-4AC65E1B71E8}
		{90955F82-6BC2-6E67-557F-7DC9F92A8C18} = {02EA681E-C7D8-13C7-8484-4AC65E1B71E8}
		{8B4A7901-3DC1-C0C5-EE06-42B4332CA562} = {02EA681E-C7D8-13C7-8484-4AC65E1B71E8}
		{85A1D51D-DFF6-DD98-767A-EA39DFE3577D} = {02EA681E-C7D8-13C7-8484-4AC65E1B71E8}
		{A8831ABA-3B14-422D-9B23-2374F0BFB5B5} = {5D6EDE33-21EC-4BFA-9374-4C5936353E44}
		{332D792C-818E-4D03-8A06-54A5CE8161A0} = {5D6EDE33-21EC-4BFA-9374-4C5936353E44}
		{FC67E339-F87A-41FE-A5AB-D973FDDFF576} = {5D6EDE33-21EC-4BFA-9374-4C5936353E44}
		{A444C253-1822-4C34-AE38-58E86130EA6E} = {5D6EDE33-21EC-4BFA-9374-4C5936353E44}
	EndGlobalSection
	GlobalSection(ExtensibilityGlobals) = postSolution
		SolutionGuid = {0A29D318-EE17-49AC-9538-EB99ADC2754E}
	EndGlobalSection
EndGlobal
